
Microsoft Visual Studio Solution File, Format Version 12.00
# Visual Studio Version 17
VisualStudioVersion = 17.9.34607.119
MinimumVisualStudioVersion = 10.0.40219.1
Project("{9A19103F-16F7-4668-BE54-9A1E7A4F7556}") = "WebAPI", "WebAPI\WebAPI.csproj", "{77D0FE22-EB95-48F9-A611-67E93C21786C}"
EndProject
Project("{9A19103F-16F7-4668-BE54-9A1E7A4F7556}") = "WebApp", "WebApp\WebApp.csproj", "{00ACDCEA-326E-4124-AA10-1728D352A401}"
EndProject
Global
	GlobalSection(SolutionConfigurationPlatforms) = preSolution
		Debug|Any CPU = Debug|Any CPU
		Release|Any CPU = Release|Any CPU
	EndGlobalSection
	GlobalSection(ProjectConfigurationPlatforms) = postSolution
		{77D0FE22-EB95-48F9-A611-67E93C21786C}.Debug|Any CPU.ActiveCfg = Debug|Any CPU
		{77D0FE22-EB95-48F9-A611-67E93C21786C}.Debug|Any CPU.Build.0 = Debug|Any CPU
		{77D0FE22-EB95-48F9-A611-67E93C21786C}.Release|Any CPU.ActiveCfg = Release|Any CPU
		{77D0FE22-EB95-48F9-A611-67E93C21786C}.Release|Any CPU.Build.0 = Release|Any CPU
		{00ACDCEA-326E-4124-AA10-1728D352A401}.Debug|Any CPU.ActiveCfg = Debug|Any CPU
		{00ACDCEA-326E-4124-AA10-1728D352A401}.Debug|Any CPU.Build.0 = Debug|Any CPU
		{00ACDCEA-326E-4124-AA10-1728D352A401}.Release|Any CPU.ActiveCfg = Release|Any CPU
		{00ACDCEA-326E-4124-AA10-1728D352A401}.Release|Any CPU.Build.0 = Release|Any CPU
	EndGlobalSection
	GlobalSection(SolutionProperties) = preSolution
		HideSolutionNode = FALSE
	EndGlobalSection
	GlobalSection(ExtensibilityGlobals) = postSolution
		SolutionGuid = {6ABF8E8D-C749-45F4-99D4-68160EF1F6B2}
	EndGlobalSection
EndGlobal
